// !$*UTF8*$!
{
	archiveVersion = 1;
	classes = {
	};
	objectVersion = 55;
	objects = {

/* Begin PBXBuildFile section */
		170C34BC2891AD120072A820 /* ImagePickerControllerExtension.swift in Sources */ = {isa = PBXBuildFile; fileRef = 170C34BB2891AD120072A820 /* ImagePickerControllerExtension.swift */; };
		170C34BE2892C7EC0072A820 /* Stadio.swift in Sources */ = {isa = PBXBuildFile; fileRef = 170C34BD2892C7EC0072A820 /* Stadio.swift */; };
		170C34C02892CAC30072A820 /* stadiums.json in Resources */ = {isa = PBXBuildFile; fileRef = 170C34BF2892CAC30072A820 /* stadiums.json */; };
		170C34C5289D4B290072A820 /* StadioColumnView.swift in Sources */ = {isa = PBXBuildFile; fileRef = 170C34C4289D4B290072A820 /* StadioColumnView.swift */; };
		170C34C7289D7C780072A820 /* CountDownView.swift in Sources */ = {isa = PBXBuildFile; fileRef = 170C34C6289D7C780072A820 /* CountDownView.swift */; };
		17260935287F21F900652149 /* Homepage.swift in Sources */ = {isa = PBXBuildFile; fileRef = 17260934287F21F900652149 /* Homepage.swift */; };
		174631242890365500264748 /* Partita.swift in Sources */ = {isa = PBXBuildFile; fileRef = 174631232890365500264748 /* Partita.swift */; };
		17463128289063DF00264748 /* matches.json in Resources */ = {isa = PBXBuildFile; fileRef = 17463127289063DF00264748 /* matches.json */; };
		175A4A0A288D571D003161B5 /* ScreenshotMakerView.swift in Sources */ = {isa = PBXBuildFile; fileRef = 175A4A09288D571D003161B5 /* ScreenshotMakerView.swift */; };
		175A4A0C288D572C003161B5 /* ViewExtension.swift in Sources */ = {isa = PBXBuildFile; fileRef = 175A4A0B288D572C003161B5 /* ViewExtension.swift */; };
		175A4A0E288D5739003161B5 /* ImagePickerView.swift in Sources */ = {isa = PBXBuildFile; fileRef = 175A4A0D288D5739003161B5 /* ImagePickerView.swift */; };
		175A4A10288D574D003161B5 /* Coordinator.swift in Sources */ = {isa = PBXBuildFile; fileRef = 175A4A0F288D574D003161B5 /* Coordinator.swift */; };
		175A4A12288D5763003161B5 /* circlePlayerView.swift in Sources */ = {isa = PBXBuildFile; fileRef = 175A4A11288D5763003161B5 /* circlePlayerView.swift */; };
		175A4A14288D577F003161B5 /* SelectPlayerSheetView.swift in Sources */ = {isa = PBXBuildFile; fileRef = 175A4A13288D577F003161B5 /* SelectPlayerSheetView.swift */; };
		175A4A17288D58BD003161B5 /* ActivityView.swift in Sources */ = {isa = PBXBuildFile; fileRef = 175A4A16288D58BD003161B5 /* ActivityView.swift */; };
		178BFA842880917D0091A032 /* AnimazioneIniziale.swift in Sources */ = {isa = PBXBuildFile; fileRef = 178BFA832880917D0091A032 /* AnimazioneIniziale.swift */; };
		178BFA862881A3F70091A032 /* TabBarView.swift in Sources */ = {isa = PBXBuildFile; fileRef = 178BFA852881A3F70091A032 /* TabBarView.swift */; };
		178BFA882881BA510091A032 /* SquadreView.swift in Sources */ = {isa = PBXBuildFile; fileRef = 178BFA872881BA510091A032 /* SquadreView.swift */; };
		178BFA8A2881C0AE0091A032 /* GironiView.swift in Sources */ = {isa = PBXBuildFile; fileRef = 178BFA892881C0AE0091A032 /* GironiView.swift */; };
		178BFA8C2881C0D40091A032 /* EliminazioneView.swift in Sources */ = {isa = PBXBuildFile; fileRef = 178BFA8B2881C0D40091A032 /* EliminazioneView.swift */; };
		178BFA8E2881C0EC0091A032 /* CalendarioView.swift in Sources */ = {isa = PBXBuildFile; fileRef = 178BFA8D2881C0EC0091A032 /* CalendarioView.swift */; };
		178BFA922882905C0091A032 /* SideMenuView.swift in Sources */ = {isa = PBXBuildFile; fileRef = 178BFA912882905C0091A032 /* SideMenuView.swift */; };
		178BFA942882A9480091A032 /* CreaSquadraView.swift in Sources */ = {isa = PBXBuildFile; fileRef = 178BFA932882A9480091A032 /* CreaSquadraView.swift */; };
		178BFA962882A95A0091A032 /* PrediciFuturoView.swift in Sources */ = {isa = PBXBuildFile; fileRef = 178BFA952882A95A0091A032 /* PrediciFuturoView.swift */; };
		178BFA982882A9650091A032 /* SegnalaView.swift in Sources */ = {isa = PBXBuildFile; fileRef = 178BFA972882A9650091A032 /* SegnalaView.swift */; };
		178BFA9A2882AEB00091A032 /* AppState.swift in Sources */ = {isa = PBXBuildFile; fileRef = 178BFA992882AEB00091A032 /* AppState.swift */; };
		178BFA9C2882B3BA0091A032 /* InfoQatarView.swift in Sources */ = {isa = PBXBuildFile; fileRef = 178BFA9B2882B3BA0091A032 /* InfoQatarView.swift */; };
		17A58A412887135C00B7DC06 /* GoogleService-Info.plist in Resources */ = {isa = PBXBuildFile; fileRef = 17A58A402887135C00B7DC06 /* GoogleService-Info.plist */; };
		17A58A44288714E700B7DC06 /* FirebaseFirestore in Frameworks */ = {isa = PBXBuildFile; productRef = 17A58A43288714E700B7DC06 /* FirebaseFirestore */; };
		17A58A47288736CD00B7DC06 /* ViewModel.swift in Sources */ = {isa = PBXBuildFile; fileRef = 17A58A46288736CD00B7DC06 /* ViewModel.swift */; };
		17A58A492887373F00B7DC06 /* Squadra.swift in Sources */ = {isa = PBXBuildFile; fileRef = 17A58A482887373F00B7DC06 /* Squadra.swift */; };
		17A58A4B2887517600B7DC06 /* SingolaSquadraView.swift in Sources */ = {isa = PBXBuildFile; fileRef = 17A58A4A2887517600B7DC06 /* SingolaSquadraView.swift */; };
		17A58A4F288752AA00B7DC06 /* MapView.swift in Sources */ = {isa = PBXBuildFile; fileRef = 17A58A4E288752AA00B7DC06 /* MapView.swift */; };
		17A58A512887F2CB00B7DC06 /* SingleGironeView.swift in Sources */ = {isa = PBXBuildFile; fileRef = 17A58A502887F2CB00B7DC06 /* SingleGironeView.swift */; };
		17A58A542887FA6F00B7DC06 /* CompressedGironeView.swift in Sources */ = {isa = PBXBuildFile; fileRef = 17A58A532887FA6F00B7DC06 /* CompressedGironeView.swift */; };
		17A58A562889A6F700B7DC06 /* Giocatore.swift in Sources */ = {isa = PBXBuildFile; fileRef = 17A58A552889A6F700B7DC06 /* Giocatore.swift */; };
		17A58A5A2889B3E400B7DC06 /* ConvocatiSquadraView.swift in Sources */ = {isa = PBXBuildFile; fileRef = 17A58A592889B3E400B7DC06 /* ConvocatiSquadraView.swift */; };
		17A58A60288B42DF00B7DC06 /* players.json in Resources */ = {isa = PBXBuildFile; fileRef = 17A58A5E288B42DE00B7DC06 /* players.json */; };
		17A58A61288B42DF00B7DC06 /* squads.json in Resources */ = {isa = PBXBuildFile; fileRef = 17A58A5F288B42DE00B7DC06 /* squads.json */; };
		17A72641289EA2DA00CF54FA /* SingoloStadioView.swift in Sources */ = {isa = PBXBuildFile; fileRef = 17A72640289EA2DA00CF54FA /* SingoloStadioView.swift */; };
		17A769E128A02123001923F5 /* CalendarPickerView.swift in Sources */ = {isa = PBXBuildFile; fileRef = 17A769E028A02123001923F5 /* CalendarPickerView.swift */; };
		17D85F90287C104A003D4D19 /* Mondiali_2022App.swift in Sources */ = {isa = PBXBuildFile; fileRef = 17D85F8F287C104A003D4D19 /* Mondiali_2022App.swift */; };
		17D85F94287C104E003D4D19 /* Assets.xcassets in Resources */ = {isa = PBXBuildFile; fileRef = 17D85F93287C104E003D4D19 /* Assets.xcassets */; };
		17D85F97287C104E003D4D19 /* Preview Assets.xcassets in Resources */ = {isa = PBXBuildFile; fileRef = 17D85F96287C104E003D4D19 /* Preview Assets.xcassets */; };
/* End PBXBuildFile section */

/* Begin PBXFileReference section */
		170C34BB2891AD120072A820 /* ImagePickerControllerExtension.swift */ = {isa = PBXFileReference; lastKnownFileType = sourcecode.swift; path = ImagePickerControllerExtension.swift; sourceTree = "<group>"; };
		170C34BD2892C7EC0072A820 /* Stadio.swift */ = {isa = PBXFileReference; lastKnownFileType = sourcecode.swift; path = Stadio.swift; sourceTree = "<group>"; };
		170C34BF2892CAC30072A820 /* stadiums.json */ = {isa = PBXFileReference; fileEncoding = 4; lastKnownFileType = text.json; path = stadiums.json; sourceTree = "<group>"; };
		170C34C4289D4B290072A820 /* StadioColumnView.swift */ = {isa = PBXFileReference; lastKnownFileType = sourcecode.swift; path = StadioColumnView.swift; sourceTree = "<group>"; };
		170C34C6289D7C780072A820 /* CountDownView.swift */ = {isa = PBXFileReference; lastKnownFileType = sourcecode.swift; path = CountDownView.swift; sourceTree = "<group>"; };
		17260934287F21F900652149 /* Homepage.swift */ = {isa = PBXFileReference; lastKnownFileType = sourcecode.swift; path = Homepage.swift; sourceTree = "<group>"; };
		174631232890365500264748 /* Partita.swift */ = {isa = PBXFileReference; lastKnownFileType = sourcecode.swift; path = Partita.swift; sourceTree = "<group>"; };
		17463127289063DF00264748 /* matches.json */ = {isa = PBXFileReference; fileEncoding = 4; lastKnownFileType = text.json; path = matches.json; sourceTree = "<group>"; };
		175A4A09288D571D003161B5 /* ScreenshotMakerView.swift */ = {isa = PBXFileReference; lastKnownFileType = sourcecode.swift; path = ScreenshotMakerView.swift; sourceTree = "<group>"; };
		175A4A0B288D572C003161B5 /* ViewExtension.swift */ = {isa = PBXFileReference; lastKnownFileType = sourcecode.swift; path = ViewExtension.swift; sourceTree = "<group>"; };
		175A4A0D288D5739003161B5 /* ImagePickerView.swift */ = {isa = PBXFileReference; lastKnownFileType = sourcecode.swift; path = ImagePickerView.swift; sourceTree = "<group>"; };
		175A4A0F288D574D003161B5 /* Coordinator.swift */ = {isa = PBXFileReference; lastKnownFileType = sourcecode.swift; path = Coordinator.swift; sourceTree = "<group>"; };
		175A4A11288D5763003161B5 /* circlePlayerView.swift */ = {isa = PBXFileReference; lastKnownFileType = sourcecode.swift; path = circlePlayerView.swift; sourceTree = "<group>"; };
		175A4A13288D577F003161B5 /* SelectPlayerSheetView.swift */ = {isa = PBXFileReference; lastKnownFileType = sourcecode.swift; path = SelectPlayerSheetView.swift; sourceTree = "<group>"; };
		175A4A16288D58BD003161B5 /* ActivityView.swift */ = {isa = PBXFileReference; lastKnownFileType = sourcecode.swift; path = ActivityView.swift; sourceTree = "<group>"; };
		178BFA832880917D0091A032 /* AnimazioneIniziale.swift */ = {isa = PBXFileReference; lastKnownFileType = sourcecode.swift; path = AnimazioneIniziale.swift; sourceTree = "<group>"; };
		178BFA852881A3F70091A032 /* TabBarView.swift */ = {isa = PBXFileReference; lastKnownFileType = sourcecode.swift; path = TabBarView.swift; sourceTree = "<group>"; };
		178BFA872881BA510091A032 /* SquadreView.swift */ = {isa = PBXFileReference; lastKnownFileType = sourcecode.swift; path = SquadreView.swift; sourceTree = "<group>"; };
		178BFA892881C0AE0091A032 /* GironiView.swift */ = {isa = PBXFileReference; lastKnownFileType = sourcecode.swift; path = GironiView.swift; sourceTree = "<group>"; };
		178BFA8B2881C0D40091A032 /* EliminazioneView.swift */ = {isa = PBXFileReference; lastKnownFileType = sourcecode.swift; path = EliminazioneView.swift; sourceTree = "<group>"; };
		178BFA8D2881C0EC0091A032 /* CalendarioView.swift */ = {isa = PBXFileReference; lastKnownFileType = sourcecode.swift; path = CalendarioView.swift; sourceTree = "<group>"; };
		178BFA912882905C0091A032 /* SideMenuView.swift */ = {isa = PBXFileReference; lastKnownFileType = sourcecode.swift; path = SideMenuView.swift; sourceTree = "<group>"; };
		178BFA932882A9480091A032 /* CreaSquadraView.swift */ = {isa = PBXFileReference; lastKnownFileType = sourcecode.swift; path = CreaSquadraView.swift; sourceTree = "<group>"; };
		178BFA952882A95A0091A032 /* PrediciFuturoView.swift */ = {isa = PBXFileReference; lastKnownFileType = sourcecode.swift; path = PrediciFuturoView.swift; sourceTree = "<group>"; };
		178BFA972882A9650091A032 /* SegnalaView.swift */ = {isa = PBXFileReference; lastKnownFileType = sourcecode.swift; path = SegnalaView.swift; sourceTree = "<group>"; };
		178BFA992882AEB00091A032 /* AppState.swift */ = {isa = PBXFileReference; lastKnownFileType = sourcecode.swift; path = AppState.swift; sourceTree = "<group>"; };
		178BFA9B2882B3BA0091A032 /* InfoQatarView.swift */ = {isa = PBXFileReference; lastKnownFileType = sourcecode.swift; path = InfoQatarView.swift; sourceTree = "<group>"; };
		17A58A402887135C00B7DC06 /* GoogleService-Info.plist */ = {isa = PBXFileReference; fileEncoding = 4; lastKnownFileType = text.plist.xml; path = "GoogleService-Info.plist"; sourceTree = "<group>"; };
		17A58A46288736CD00B7DC06 /* ViewModel.swift */ = {isa = PBXFileReference; lastKnownFileType = sourcecode.swift; path = ViewModel.swift; sourceTree = "<group>"; };
		17A58A482887373F00B7DC06 /* Squadra.swift */ = {isa = PBXFileReference; lastKnownFileType = sourcecode.swift; path = Squadra.swift; sourceTree = "<group>"; };
		17A58A4A2887517600B7DC06 /* SingolaSquadraView.swift */ = {isa = PBXFileReference; lastKnownFileType = sourcecode.swift; path = SingolaSquadraView.swift; sourceTree = "<group>"; };
		17A58A4E288752AA00B7DC06 /* MapView.swift */ = {isa = PBXFileReference; lastKnownFileType = sourcecode.swift; path = MapView.swift; sourceTree = "<group>"; };
		17A58A502887F2CB00B7DC06 /* SingleGironeView.swift */ = {isa = PBXFileReference; lastKnownFileType = sourcecode.swift; path = SingleGironeView.swift; sourceTree = "<group>"; };
		17A58A532887FA6F00B7DC06 /* CompressedGironeView.swift */ = {isa = PBXFileReference; lastKnownFileType = sourcecode.swift; path = CompressedGironeView.swift; sourceTree = "<group>"; };
		17A58A552889A6F700B7DC06 /* Giocatore.swift */ = {isa = PBXFileReference; lastKnownFileType = sourcecode.swift; path = Giocatore.swift; sourceTree = "<group>"; };
		17A58A592889B3E400B7DC06 /* ConvocatiSquadraView.swift */ = {isa = PBXFileReference; lastKnownFileType = sourcecode.swift; path = ConvocatiSquadraView.swift; sourceTree = "<group>"; };
		17A58A5E288B42DE00B7DC06 /* players.json */ = {isa = PBXFileReference; fileEncoding = 4; lastKnownFileType = text.json; path = players.json; sourceTree = "<group>"; };
		17A58A5F288B42DE00B7DC06 /* squads.json */ = {isa = PBXFileReference; fileEncoding = 4; lastKnownFileType = text.json; path = squads.json; sourceTree = "<group>"; };
		17A72640289EA2DA00CF54FA /* SingoloStadioView.swift */ = {isa = PBXFileReference; lastKnownFileType = sourcecode.swift; path = SingoloStadioView.swift; sourceTree = "<group>"; };
		17A769E028A02123001923F5 /* CalendarPickerView.swift */ = {isa = PBXFileReference; lastKnownFileType = sourcecode.swift; path = CalendarPickerView.swift; sourceTree = "<group>"; };
		17D85F8C287C104A003D4D19 /* Mondiali 2022.app */ = {isa = PBXFileReference; explicitFileType = wrapper.application; includeInIndex = 0; path = "Mondiali 2022.app"; sourceTree = BUILT_PRODUCTS_DIR; };
		17D85F8F287C104A003D4D19 /* Mondiali_2022App.swift */ = {isa = PBXFileReference; lastKnownFileType = sourcecode.swift; path = Mondiali_2022App.swift; sourceTree = "<group>"; };
		17D85F93287C104E003D4D19 /* Assets.xcassets */ = {isa = PBXFileReference; lastKnownFileType = folder.assetcatalog; path = Assets.xcassets; sourceTree = "<group>"; };
		17D85F96287C104E003D4D19 /* Preview Assets.xcassets */ = {isa = PBXFileReference; lastKnownFileType = folder.assetcatalog; path = "Preview Assets.xcassets"; sourceTree = "<group>"; };
/* End PBXFileReference section */

/* Begin PBXFrameworksBuildPhase section */
		17D85F89287C104A003D4D19 /* Frameworks */ = {
			isa = PBXFrameworksBuildPhase;
			buildActionMask = 2147483647;
			files = (
				17A58A44288714E700B7DC06 /* FirebaseFirestore in Frameworks */,
			);
			runOnlyForDeploymentPostprocessing = 0;
		};
/* End PBXFrameworksBuildPhase section */

/* Begin PBXGroup section */
		170C34C3289D4B110072A820 /* InfoQatar */ = {
			isa = PBXGroup;
			children = (
				170C34C6289D7C780072A820 /* CountDownView.swift */,
				178BFA9B2882B3BA0091A032 /* InfoQatarView.swift */,
				170C34C4289D4B290072A820 /* StadioColumnView.swift */,
				17A72640289EA2DA00CF54FA /* SingoloStadioView.swift */,
			);
			path = InfoQatar;
			sourceTree = "<group>";
		};
		175A4A08288D5705003161B5 /* Utils */ = {
			isa = PBXGroup;
			children = (
				175A4A09288D571D003161B5 /* ScreenshotMakerView.swift */,
				175A4A0B288D572C003161B5 /* ViewExtension.swift */,
				175A4A0D288D5739003161B5 /* ImagePickerView.swift */,
				170C34BB2891AD120072A820 /* ImagePickerControllerExtension.swift */,
				175A4A0F288D574D003161B5 /* Coordinator.swift */,
				175A4A16288D58BD003161B5 /* ActivityView.swift */,
			);
			path = Utils;
			sourceTree = "<group>";
		};
		175A4A15288D57D1003161B5 /* CreaSquadra */ = {
			isa = PBXGroup;
			children = (
				178BFA932882A9480091A032 /* CreaSquadraView.swift */,
				175A4A11288D5763003161B5 /* circlePlayerView.swift */,
				175A4A13288D577F003161B5 /* SelectPlayerSheetView.swift */,
			);
			path = CreaSquadra;
			sourceTree = "<group>";
		};
		178BFA9F28841C990091A032 /* TabBar */ = {
			isa = PBXGroup;
			children = (
				178BFA852881A3F70091A032 /* TabBarView.swift */,
				178BFA872881BA510091A032 /* SquadreView.swift */,
				17A58A4D2887524000B7DC06 /* SingolaSquadra */,
				178BFA892881C0AE0091A032 /* GironiView.swift */,
				17A58A522887FA4A00B7DC06 /* SingoloGirone */,
				178BFA8B2881C0D40091A032 /* EliminazioneView.swift */,
				178BFA8D2881C0EC0091A032 /* CalendarioView.swift */,
				17A769E028A02123001923F5 /* CalendarPickerView.swift */,
			);
			path = TabBar;
			sourceTree = "<group>";
		};
		178BFAA028841CA60091A032 /* SideMenu */ = {
			isa = PBXGroup;
			children = (
				178BFA912882905C0091A032 /* SideMenuView.swift */,
				175A4A08288D5705003161B5 /* Utils */,
				175A4A15288D57D1003161B5 /* CreaSquadra */,
				178BFA972882A9650091A032 /* SegnalaView.swift */,
				178BFA952882A95A0091A032 /* PrediciFuturoView.swift */,
			);
			path = SideMenu;
			sourceTree = "<group>";
		};
		17A58A45288736A700B7DC06 /* FireStore */ = {
			isa = PBXGroup;
			children = (
				17A58A46288736CD00B7DC06 /* ViewModel.swift */,
				17A58A482887373F00B7DC06 /* Squadra.swift */,
				17A58A552889A6F700B7DC06 /* Giocatore.swift */,
				174631232890365500264748 /* Partita.swift */,
				170C34BD2892C7EC0072A820 /* Stadio.swift */,
			);
			path = FireStore;
			sourceTree = "<group>";
		};
		17A58A4D2887524000B7DC06 /* SingolaSquadra */ = {
			isa = PBXGroup;
			children = (
				17A58A4A2887517600B7DC06 /* SingolaSquadraView.swift */,
				17A58A4E288752AA00B7DC06 /* MapView.swift */,
				17A58A592889B3E400B7DC06 /* ConvocatiSquadraView.swift */,
			);
			path = SingolaSquadra;
			sourceTree = "<group>";
		};
		17A58A522887FA4A00B7DC06 /* SingoloGirone */ = {
			isa = PBXGroup;
			children = (
				17A58A502887F2CB00B7DC06 /* SingleGironeView.swift */,
				17A58A532887FA6F00B7DC06 /* CompressedGironeView.swift */,
			);
			path = SingoloGirone;
			sourceTree = "<group>";
		};
		17A58A5D288B42CE00B7DC06 /* Resources */ = {
			isa = PBXGroup;
			children = (
				17A58A5E288B42DE00B7DC06 /* players.json */,
				17A58A5F288B42DE00B7DC06 /* squads.json */,
				17463127289063DF00264748 /* matches.json */,
				170C34BF2892CAC30072A820 /* stadiums.json */,
			);
			path = Resources;
			sourceTree = "<group>";
		};
		17D85F83287C104A003D4D19 = {
			isa = PBXGroup;
			children = (
				17D85F8E287C104A003D4D19 /* Mondiali 2022 */,
				17D85F8D287C104A003D4D19 /* Products */,
			);
			sourceTree = "<group>";
		};
		17D85F8D287C104A003D4D19 /* Products */ = {
			isa = PBXGroup;
			children = (
				17D85F8C287C104A003D4D19 /* Mondiali 2022.app */,
			);
			name = Products;
			sourceTree = "<group>";
		};
		17D85F8E287C104A003D4D19 /* Mondiali 2022 */ = {
			isa = PBXGroup;
			children = (
				17A58A5D288B42CE00B7DC06 /* Resources */,
				17A58A45288736A700B7DC06 /* FireStore */,
				17D85F8F287C104A003D4D19 /* Mondiali_2022App.swift */,
				178BFA992882AEB00091A032 /* AppState.swift */,
				178BFA832880917D0091A032 /* AnimazioneIniziale.swift */,
				17260934287F21F900652149 /* Homepage.swift */,
				170C34C3289D4B110072A820 /* InfoQatar */,
				178BFA9F28841C990091A032 /* TabBar */,
				178BFAA028841CA60091A032 /* SideMenu */,
				17D85F93287C104E003D4D19 /* Assets.xcassets */,
				17A58A402887135C00B7DC06 /* GoogleService-Info.plist */,
				17D85F95287C104E003D4D19 /* Preview Content */,
			);
			path = "Mondiali 2022";
			sourceTree = "<group>";
		};
		17D85F95287C104E003D4D19 /* Preview Content */ = {
			isa = PBXGroup;
			children = (
				17D85F96287C104E003D4D19 /* Preview Assets.xcassets */,
			);
			path = "Preview Content";
			sourceTree = "<group>";
		};
/* End PBXGroup section */

/* Begin PBXNativeTarget section */
		17D85F8B287C104A003D4D19 /* Mondiali 2022 */ = {
			isa = PBXNativeTarget;
			buildConfigurationList = 17D85F9A287C104E003D4D19 /* Build configuration list for PBXNativeTarget "Mondiali 2022" */;
			buildPhases = (
				17D85F88287C104A003D4D19 /* Sources */,
				17D85F89287C104A003D4D19 /* Frameworks */,
				17D85F8A287C104A003D4D19 /* Resources */,
			);
			buildRules = (
			);
			dependencies = (
			);
			name = "Mondiali 2022";
			packageProductDependencies = (
				17A58A43288714E700B7DC06 /* FirebaseFirestore */,
			);
			productName = "Mondiali 2022";
			productReference = 17D85F8C287C104A003D4D19 /* Mondiali 2022.app */;
			productType = "com.apple.product-type.application";
		};
/* End PBXNativeTarget section */

/* Begin PBXProject section */
		17D85F84287C104A003D4D19 /* Project object */ = {
			isa = PBXProject;
			attributes = {
				BuildIndependentTargetsInParallel = 1;
				LastSwiftUpdateCheck = 1340;
				LastUpgradeCheck = 1340;
				TargetAttributes = {
					17D85F8B287C104A003D4D19 = {
						CreatedOnToolsVersion = 13.4.1;
					};
				};
			};
			buildConfigurationList = 17D85F87287C104A003D4D19 /* Build configuration list for PBXProject "Mondiali 2022" */;
			compatibilityVersion = "Xcode 13.0";
			developmentRegion = en;
			hasScannedForEncodings = 0;
			knownRegions = (
				en,
				Base,
			);
			mainGroup = 17D85F83287C104A003D4D19;
			packageReferences = (
				17A58A42288714E700B7DC06 /* XCRemoteSwiftPackageReference "firebase-ios-sdk" */,
			);
			productRefGroup = 17D85F8D287C104A003D4D19 /* Products */;
			projectDirPath = "";
			projectRoot = "";
			targets = (
				17D85F8B287C104A003D4D19 /* Mondiali 2022 */,
			);
		};
/* End PBXProject section */

/* Begin PBXResourcesBuildPhase section */
		17D85F8A287C104A003D4D19 /* Resources */ = {
			isa = PBXResourcesBuildPhase;
			buildActionMask = 2147483647;
			files = (
				17A58A60288B42DF00B7DC06 /* players.json in Resources */,
				17463128289063DF00264748 /* matches.json in Resources */,
				17D85F97287C104E003D4D19 /* Preview Assets.xcassets in Resources */,
				17A58A61288B42DF00B7DC06 /* squads.json in Resources */,
				170C34C02892CAC30072A820 /* stadiums.json in Resources */,
				17D85F94287C104E003D4D19 /* Assets.xcassets in Resources */,
				17A58A412887135C00B7DC06 /* GoogleService-Info.plist in Resources */,
			);
			runOnlyForDeploymentPostprocessing = 0;
		};
/* End PBXResourcesBuildPhase section */

/* Begin PBXSourcesBuildPhase section */
		17D85F88287C104A003D4D19 /* Sources */ = {
			isa = PBXSourcesBuildPhase;
			buildActionMask = 2147483647;
			files = (
				178BFA862881A3F70091A032 /* TabBarView.swift in Sources */,
				178BFA942882A9480091A032 /* CreaSquadraView.swift in Sources */,
				175A4A10288D574D003161B5 /* Coordinator.swift in Sources */,
				174631242890365500264748 /* Partita.swift in Sources */,
				178BFA982882A9650091A032 /* SegnalaView.swift in Sources */,
				17260935287F21F900652149 /* Homepage.swift in Sources */,
				17A58A562889A6F700B7DC06 /* Giocatore.swift in Sources */,
				170C34C5289D4B290072A820 /* StadioColumnView.swift in Sources */,
				17A58A4B2887517600B7DC06 /* SingolaSquadraView.swift in Sources */,
				175A4A0C288D572C003161B5 /* ViewExtension.swift in Sources */,
				178BFA8A2881C0AE0091A032 /* GironiView.swift in Sources */,
				178BFA922882905C0091A032 /* SideMenuView.swift in Sources */,
				170C34BE2892C7EC0072A820 /* Stadio.swift in Sources */,
				175A4A0E288D5739003161B5 /* ImagePickerView.swift in Sources */,
				17A58A4F288752AA00B7DC06 /* MapView.swift in Sources */,
				178BFA8C2881C0D40091A032 /* EliminazioneView.swift in Sources */,
				175A4A0A288D571D003161B5 /* ScreenshotMakerView.swift in Sources */,
				178BFA8E2881C0EC0091A032 /* CalendarioView.swift in Sources */,
				178BFA882881BA510091A032 /* SquadreView.swift in Sources */,
				17A58A492887373F00B7DC06 /* Squadra.swift in Sources */,
				175A4A17288D58BD003161B5 /* ActivityView.swift in Sources */,
				178BFA842880917D0091A032 /* AnimazioneIniziale.swift in Sources */,
				170C34C7289D7C780072A820 /* CountDownView.swift in Sources */,
				17A58A512887F2CB00B7DC06 /* SingleGironeView.swift in Sources */,
				17A58A47288736CD00B7DC06 /* ViewModel.swift in Sources */,
				178BFA9A2882AEB00091A032 /* AppState.swift in Sources */,
				17A58A5A2889B3E400B7DC06 /* ConvocatiSquadraView.swift in Sources */,
				175A4A14288D577F003161B5 /* SelectPlayerSheetView.swift in Sources */,
				17D85F90287C104A003D4D19 /* Mondiali_2022App.swift in Sources */,
				17A58A542887FA6F00B7DC06 /* CompressedGironeView.swift in Sources */,
				17A769E128A02123001923F5 /* CalendarPickerView.swift in Sources */,
				175A4A12288D5763003161B5 /* circlePlayerView.swift in Sources */,
				178BFA9C2882B3BA0091A032 /* InfoQatarView.swift in Sources */,
				17A72641289EA2DA00CF54FA /* SingoloStadioView.swift in Sources */,
				170C34BC2891AD120072A820 /* ImagePickerControllerExtension.swift in Sources */,
				178BFA962882A95A0091A032 /* PrediciFuturoView.swift in Sources */,
			);
			runOnlyForDeploymentPostprocessing = 0;
		};
/* End PBXSourcesBuildPhase section */

/* Begin XCBuildConfiguration section */
		17D85F98287C104E003D4D19 /* Debug */ = {
			isa = XCBuildConfiguration;
			buildSettings = {
				ALWAYS_SEARCH_USER_PATHS = NO;
				CLANG_ANALYZER_NONNULL = YES;
				CLANG_ANALYZER_NUMBER_OBJECT_CONVERSION = YES_AGGRESSIVE;
				CLANG_CXX_LANGUAGE_STANDARD = "gnu++17";
				CLANG_ENABLE_MODULES = YES;
				CLANG_ENABLE_OBJC_ARC = YES;
				CLANG_ENABLE_OBJC_WEAK = YES;
				CLANG_WARN_BLOCK_CAPTURE_AUTORELEASING = YES;
				CLANG_WARN_BOOL_CONVERSION = YES;
				CLANG_WARN_COMMA = YES;
				CLANG_WARN_CONSTANT_CONVERSION = YES;
				CLANG_WARN_DEPRECATED_OBJC_IMPLEMENTATIONS = YES;
				CLANG_WARN_DIRECT_OBJC_ISA_USAGE = YES_ERROR;
				CLANG_WARN_DOCUMENTATION_COMMENTS = YES;
				CLANG_WARN_EMPTY_BODY = YES;
				CLANG_WARN_ENUM_CONVERSION = YES;
				CLANG_WARN_INFINITE_RECURSION = YES;
				CLANG_WARN_INT_CONVERSION = YES;
				CLANG_WARN_NON_LITERAL_NULL_CONVERSION = YES;
				CLANG_WARN_OBJC_IMPLICIT_RETAIN_SELF = YES;
				CLANG_WARN_OBJC_LITERAL_CONVERSION = YES;
				CLANG_WARN_OBJC_ROOT_CLASS = YES_ERROR;
				CLANG_WARN_QUOTED_INCLUDE_IN_FRAMEWORK_HEADER = YES;
				CLANG_WARN_RANGE_LOOP_ANALYSIS = YES;
				CLANG_WARN_STRICT_PROTOTYPES = YES;
				CLANG_WARN_SUSPICIOUS_MOVE = YES;
				CLANG_WARN_UNGUARDED_AVAILABILITY = YES_AGGRESSIVE;
				CLANG_WARN_UNREACHABLE_CODE = YES;
				CLANG_WARN__DUPLICATE_METHOD_MATCH = YES;
				COPY_PHASE_STRIP = NO;
				DEBUG_INFORMATION_FORMAT = dwarf;
				ENABLE_STRICT_OBJC_MSGSEND = YES;
				ENABLE_TESTABILITY = YES;
				GCC_C_LANGUAGE_STANDARD = gnu11;
				GCC_DYNAMIC_NO_PIC = NO;
				GCC_NO_COMMON_BLOCKS = YES;
				GCC_OPTIMIZATION_LEVEL = 0;
				GCC_PREPROCESSOR_DEFINITIONS = (
					"DEBUG=1",
					"$(inherited)",
				);
				GCC_WARN_64_TO_32_BIT_CONVERSION = YES;
				GCC_WARN_ABOUT_RETURN_TYPE = YES_ERROR;
				GCC_WARN_UNDECLARED_SELECTOR = YES;
				GCC_WARN_UNINITIALIZED_AUTOS = YES_AGGRESSIVE;
				GCC_WARN_UNUSED_FUNCTION = YES;
				GCC_WARN_UNUSED_VARIABLE = YES;
				IPHONEOS_DEPLOYMENT_TARGET = 15.5;
				MTL_ENABLE_DEBUG_INFO = INCLUDE_SOURCE;
				MTL_FAST_MATH = YES;
				ONLY_ACTIVE_ARCH = YES;
				SDKROOT = iphoneos;
				SWIFT_ACTIVE_COMPILATION_CONDITIONS = DEBUG;
				SWIFT_OPTIMIZATION_LEVEL = "-Onone";
			};
			name = Debug;
		};
		17D85F99287C104E003D4D19 /* Release */ = {
			isa = XCBuildConfiguration;
			buildSettings = {
				ALWAYS_SEARCH_USER_PATHS = NO;
				CLANG_ANALYZER_NONNULL = YES;
				CLANG_ANALYZER_NUMBER_OBJECT_CONVERSION = YES_AGGRESSIVE;
				CLANG_CXX_LANGUAGE_STANDARD = "gnu++17";
				CLANG_ENABLE_MODULES = YES;
				CLANG_ENABLE_OBJC_ARC = YES;
				CLANG_ENABLE_OBJC_WEAK = YES;
				CLANG_WARN_BLOCK_CAPTURE_AUTORELEASING = YES;
				CLANG_WARN_BOOL_CONVERSION = YES;
				CLANG_WARN_COMMA = YES;
				CLANG_WARN_CONSTANT_CONVERSION = YES;
				CLANG_WARN_DEPRECATED_OBJC_IMPLEMENTATIONS = YES;
				CLANG_WARN_DIRECT_OBJC_ISA_USAGE = YES_ERROR;
				CLANG_WARN_DOCUMENTATION_COMMENTS = YES;
				CLANG_WARN_EMPTY_BODY = YES;
				CLANG_WARN_ENUM_CONVERSION = YES;
				CLANG_WARN_INFINITE_RECURSION = YES;
				CLANG_WARN_INT_CONVERSION = YES;
				CLANG_WARN_NON_LITERAL_NULL_CONVERSION = YES;
				CLANG_WARN_OBJC_IMPLICIT_RETAIN_SELF = YES;
				CLANG_WARN_OBJC_LITERAL_CONVERSION = YES;
				CLANG_WARN_OBJC_ROOT_CLASS = YES_ERROR;
				CLANG_WARN_QUOTED_INCLUDE_IN_FRAMEWORK_HEADER = YES;
				CLANG_WARN_RANGE_LOOP_ANALYSIS = YES;
				CLANG_WARN_STRICT_PROTOTYPES = YES;
				CLANG_WARN_SUSPICIOUS_MOVE = YES;
				CLANG_WARN_UNGUARDED_AVAILABILITY = YES_AGGRESSIVE;
				CLANG_WARN_UNREACHABLE_CODE = YES;
				CLANG_WARN__DUPLICATE_METHOD_MATCH = YES;
				COPY_PHASE_STRIP = NO;
				DEBUG_INFORMATION_FORMAT = "dwarf-with-dsym";
				ENABLE_NS_ASSERTIONS = NO;
				ENABLE_STRICT_OBJC_MSGSEND = YES;
				GCC_C_LANGUAGE_STANDARD = gnu11;
				GCC_NO_COMMON_BLOCKS = YES;
				GCC_WARN_64_TO_32_BIT_CONVERSION = YES;
				GCC_WARN_ABOUT_RETURN_TYPE = YES_ERROR;
				GCC_WARN_UNDECLARED_SELECTOR = YES;
				GCC_WARN_UNINITIALIZED_AUTOS = YES_AGGRESSIVE;
				GCC_WARN_UNUSED_FUNCTION = YES;
				GCC_WARN_UNUSED_VARIABLE = YES;
				IPHONEOS_DEPLOYMENT_TARGET = 15.5;
				MTL_ENABLE_DEBUG_INFO = NO;
				MTL_FAST_MATH = YES;
				SDKROOT = iphoneos;
				SWIFT_COMPILATION_MODE = wholemodule;
				SWIFT_OPTIMIZATION_LEVEL = "-O";
				VALIDATE_PRODUCT = YES;
			};
			name = Release;
		};
		17D85F9B287C104E003D4D19 /* Debug */ = {
			isa = XCBuildConfiguration;
			buildSettings = {
				ASSETCATALOG_COMPILER_APPICON_NAME = AppIcon;
				ASSETCATALOG_COMPILER_GLOBAL_ACCENT_COLOR_NAME = AccentColor;
				CODE_SIGN_STYLE = Automatic;
				CURRENT_PROJECT_VERSION = 1;
				DEVELOPMENT_ASSET_PATHS = "\"Mondiali 2022/Preview Content\"";
				DEVELOPMENT_TEAM = LFA44YRHTC;
				ENABLE_PREVIEWS = YES;
				GENERATE_INFOPLIST_FILE = YES;
				INFOPLIST_KEY_NSCameraUsageDescription = "";
				INFOPLIST_KEY_NSPhotoLibraryAddUsageDescription = "";
				INFOPLIST_KEY_UIApplicationSceneManifest_Generation = YES;
				INFOPLIST_KEY_UIApplicationSupportsIndirectInputEvents = YES;
				INFOPLIST_KEY_UILaunchScreen_Generation = YES;
				INFOPLIST_KEY_UISupportedInterfaceOrientations_iPad = "UIInterfaceOrientationPortrait UIInterfaceOrientationPortraitUpsideDown UIInterfaceOrientationLandscapeLeft UIInterfaceOrientationLandscapeRight";
				INFOPLIST_KEY_UISupportedInterfaceOrientations_iPhone = "UIInterfaceOrientationPortrait UIInterfaceOrientationLandscapeLeft UIInterfaceOrientationLandscapeRight";
				LD_RUNPATH_SEARCH_PATHS = (
					"$(inherited)",
					"@executable_path/Frameworks",
				);
				MARKETING_VERSION = 1.0;
				PRODUCT_BUNDLE_IDENTIFIER = "it.unibo.marsild.Mondiali-2022";
				PRODUCT_NAME = "$(TARGET_NAME)";
				SWIFT_EMIT_LOC_STRINGS = YES;
				SWIFT_VERSION = 5.0;
				TARGETED_DEVICE_FAMILY = 1;
			};
			name = Debug;
		};
		17D85F9C287C104E003D4D19 /* Release */ = {
			isa = XCBuildConfiguration;
			buildSettings = {
				ASSETCATALOG_COMPILER_APPICON_NAME = AppIcon;
				ASSETCATALOG_COMPILER_GLOBAL_ACCENT_COLOR_NAME = AccentColor;
				CODE_SIGN_STYLE = Automatic;
				CURRENT_PROJECT_VERSION = 1;
				DEVELOPMENT_ASSET_PATHS = "\"Mondiali 2022/Preview Content\"";
				DEVELOPMENT_TEAM = LFA44YRHTC;
				ENABLE_PREVIEWS = YES;
				GENERATE_INFOPLIST_FILE = YES;
				INFOPLIST_KEY_NSCameraUsageDescription = "";
				INFOPLIST_KEY_NSPhotoLibraryAddUsageDescription = "";
				INFOPLIST_KEY_UIApplicationSceneManifest_Generation = YES;
				INFOPLIST_KEY_UIApplicationSupportsIndirectInputEvents = YES;
				INFOPLIST_KEY_UILaunchScreen_Generation = YES;
				INFOPLIST_KEY_UISupportedInterfaceOrientations_iPad = "UIInterfaceOrientationPortrait UIInterfaceOrientationPortraitUpsideDown UIInterfaceOrientationLandscapeLeft UIInterfaceOrientationLandscapeRight";
				INFOPLIST_KEY_UISupportedInterfaceOrientations_iPhone = "UIInterfaceOrientationPortrait UIInterfaceOrientationLandscapeLeft UIInterfaceOrientationLandscapeRight";
				LD_RUNPATH_SEARCH_PATHS = (
					"$(inherited)",
					"@executable_path/Frameworks",
				);
				MARKETING_VERSION = 1.0;
				PRODUCT_BUNDLE_IDENTIFIER = "it.unibo.marsild.Mondiali-2022";
				PRODUCT_NAME = "$(TARGET_NAME)";
				SWIFT_EMIT_LOC_STRINGS = YES;
				SWIFT_VERSION = 5.0;
				TARGETED_DEVICE_FAMILY = 1;
			};
			name = Release;
		};
/* End XCBuildConfiguration section */

/* Begin XCConfigurationList section */
		17D85F87287C104A003D4D19 /* Build configuration list for PBXProject "Mondiali 2022" */ = {
			isa = XCConfigurationList;
			buildConfigurations = (
				17D85F98287C104E003D4D19 /* Debug */,
				17D85F99287C104E003D4D19 /* Release */,
			);
			defaultConfigurationIsVisible = 0;
			defaultConfigurationName = Release;
		};
		17D85F9A287C104E003D4D19 /* Build configuration list for PBXNativeTarget "Mondiali 2022" */ = {
			isa = XCConfigurationList;
			buildConfigurations = (
				17D85F9B287C104E003D4D19 /* Debug */,
				17D85F9C287C104E003D4D19 /* Release */,
			);
			defaultConfigurationIsVisible = 0;
			defaultConfigurationName = Release;
		};
/* End XCConfigurationList section */

/* Begin XCRemoteSwiftPackageReference section */
		17A58A42288714E700B7DC06 /* XCRemoteSwiftPackageReference "firebase-ios-sdk" */ = {
			isa = XCRemoteSwiftPackageReference;
			repositoryURL = "https://github.com/firebase/firebase-ios-sdk";
			requirement = {
				kind = upToNextMajorVersion;
				minimumVersion = 9.0.0;
			};
		};
/* End XCRemoteSwiftPackageReference section */

/* Begin XCSwiftPackageProductDependency section */
		17A58A43288714E700B7DC06 /* FirebaseFirestore */ = {
			isa = XCSwiftPackageProductDependency;
			package = 17A58A42288714E700B7DC06 /* XCRemoteSwiftPackageReference "firebase-ios-sdk" */;
			productName = FirebaseFirestore;
		};
/* End XCSwiftPackageProductDependency section */
	};
	rootObject = 17D85F84287C104A003D4D19 /* Project object */;
}
